
Microsoft Visual Studio Solution File, Format Version 12.00
# Visual Studio Version 16
VisualStudioVersion = 16.0.30011.22
MinimumVisualStudioVersion = 10.0.40219.1
Project("{FAE04EC0-301F-11D3-BF4B-00C04F79EFBC}") = "TestFigure", "TestFigure\TestFigure.csproj", "{C8379AAA-0FDB-4DB4-8079-45A424F3E8C7}"
EndProject
Global
	GlobalSection(SolutionConfigurationPlatforms) = preSolution
		Debug|Any CPU = Debug|Any CPU
		Release|Any CPU = Release|Any CPU
	EndGlobalSection
	GlobalSection(ProjectConfigurationPlatforms) = postSolution
		{C8379AAA-0FDB-4DB4-8079-45A424F3E8C7}.Debug|Any CPU.ActiveCfg = Debug|Any CPU
		{C8379AAA-0FDB-4DB4-8079-45A424F3E8C7}.Debug|Any CPU.Build.0 = Debug|Any CPU
		{C8379AAA-0FDB-4DB4-8079-45A424F3E8C7}.Release|Any CPU.ActiveCfg = Release|Any CPU
		{C8379AAA-0FDB-4DB4-8079-45A424F3E8C7}.Release|Any CPU.Build.0 = Release|Any CPU
	EndGlobalSection
	GlobalSection(SolutionProperties) = preSolution
		HideSolutionNode = FALSE
	EndGlobalSection
	GlobalSection(ExtensibilityGlobals) = postSolution
		SolutionGuid = {848D2462-EA5F-4EEC-833F-E4C905B1FF87}
	EndGlobalSection
EndGlobal
